# THIS IS AN AUTOGENERATED FILE. DO NOT EDIT THIS FILE DIRECTLY.
# yarn lockfile v1


"@vant/weapp@^1.10.25":
  version "1.10.25"
  resolved "https://registry.npmmirror.com/@vant/weapp/-/weapp-1.10.25.tgz#406f4bd4845ae0463dff73b4a029859de1bee9fd"
  integrity sha512-UGtEZdyaYNDfZ2GJ4qHU1ch23s2iYaPhxd+kx/baPvtPOlIllCLw0yk5v+4mMG6ZyMmIZCQd3nbLIEwDezLWYA==
